
Microsoft Visual Studio Solution File, Format Version 11.00
# Visual Studio 2010
Project("{FAE04EC0-301F-11D3-BF4B-00C04F79EFBC}") = "MTScraper", "MTScraper\MTScraper.csproj", "{C583E7C8-6FB8-4153-AAE0-B40BA1F6CDDB}"
EndProject
Global
	GlobalSection(SolutionConfigurationPlatforms) = preSolution
		Debug|Any CPU = Debug|Any CPU
		Release|Any CPU = Release|Any CPU
	EndGlobalSection
	GlobalSection(ProjectConfigurationPlatforms) = postSolution
		{C583E7C8-6FB8-4153-AAE0-B40BA1F6CDDB}.Debug|Any CPU.ActiveCfg = Debug|Any CPU
		{C583E7C8-6FB8-4153-AAE0-B40BA1F6CDDB}.Debug|Any CPU.Build.0 = Debug|Any CPU
		{C583E7C8-6FB8-4153-AAE0-B40BA1F6CDDB}.Release|Any CPU.ActiveCfg = Release|Any CPU
		{C583E7C8-6FB8-4153-AAE0-B40BA1F6CDDB}.Release|Any CPU.Build.0 = Release|Any CPU
	EndGlobalSection
	GlobalSection(SolutionProperties) = preSolution
		HideSolutionNode = FALSE
	EndGlobalSection
EndGlobal
